// !$*UTF8*$!
{
	archiveVersion = 1;
	classes = {
	};
	objectVersion = 50;
	objects = {

/* Begin PBXBuildFile section */
		CE1C257E234C6D5F00AD0DF6 /* libnesta-0.9.5.0.dylib in Frameworks */ = {isa = PBXBuildFile; fileRef = CE1C257D234C6D5F00AD0DF6 /* libnesta-0.9.5.0.dylib */; };
		CE1C2592234C6DDB00AD0DF6 /* redistribution.c in Sources */ = {isa = PBXBuildFile; fileRef = CE1C257F234C6DD900AD0DF6 /* redistribution.c */; };
		CE1C2593234C6DDB00AD0DF6 /* memc_gateway.c in Sources */ = {isa = PBXBuildFile; fileRef = CE1C2580234C6DDA00AD0DF6 /* memc_gateway.c */; };
		CE1C2594234C6DDB00AD0DF6 /* dinio_server.c in Sources */ = {isa = PBXBuildFile; fileRef = CE1C2581234C6DDA00AD0DF6 /* dinio_server.c */; };
		CE1C2595234C6DDB00AD0DF6 /* connect.c in Sources */ = {isa = PBXBuildFile; fileRef = CE1C2582234C6DDA00AD0DF6 /* connect.c */; };
		CE1C2596234C6DDB00AD0DF6 /* informed.c in Sources */ = {isa = PBXBuildFile; fileRef = CE1C2583234C6DDA00AD0DF6 /* informed.c */; };
		CE1C2597234C6DDB00AD0DF6 /* replication.c in Sources */ = {isa = PBXBuildFile; fileRef = CE1C2584234C6DDA00AD0DF6 /* replication.c */; };
		CE1C2598234C6DDB00AD0DF6 /* consistent_hash.c in Sources */ = {isa = PBXBuildFile; fileRef = CE1C2586234C6DDA00AD0DF6 /* consistent_hash.c */; };
		CE1C2599234C6DDB00AD0DF6 /* server_cmd.c in Sources */ = {isa = PBXBuildFile; fileRef = CE1C2587234C6DDA00AD0DF6 /* server_cmd.c */; };
		CE1C259A234C6DDB00AD0DF6 /* dispatch.c in Sources */ = {isa = PBXBuildFile; fileRef = CE1C2588234C6DDA00AD0DF6 /* dispatch.c */; };
		CE1C259B234C6DDB00AD0DF6 /* dataio.c in Sources */ = {isa = PBXBuildFile; fileRef = CE1C258B234C6DDA00AD0DF6 /* dataio.c */; };
		CE1C259C234C6DDB00AD0DF6 /* friend.c in Sources */ = {isa = PBXBuildFile; fileRef = CE1C258C234C6DDA00AD0DF6 /* friend.c */; };
		CE1C259D234C6DDB00AD0DF6 /* config.c in Sources */ = {isa = PBXBuildFile; fileRef = CE1C258D234C6DDA00AD0DF6 /* config.c */; };
		CE1C259E234C6DDB00AD0DF6 /* dinio_cmd.c in Sources */ = {isa = PBXBuildFile; fileRef = CE1C258E234C6DDA00AD0DF6 /* dinio_cmd.c */; };
		CE1C259F234C6DDB00AD0DF6 /* ds_check.c in Sources */ = {isa = PBXBuildFile; fileRef = CE1C258F234C6DDB00AD0DF6 /* ds_check.c */; };
		CE1C25A0234C6DDB00AD0DF6 /* ds_server.c in Sources */ = {isa = PBXBuildFile; fileRef = CE1C2590234C6DDB00AD0DF6 /* ds_server.c */; };
		CE1C25A1234C6DDB00AD0DF6 /* lock_server.c in Sources */ = {isa = PBXBuildFile; fileRef = CE1C2591234C6DDB00AD0DF6 /* lock_server.c */; };
		CEE456B8234C1955008A853C /* main.c in Sources */ = {isa = PBXBuildFile; fileRef = CEE456B7234C1955008A853C /* main.c */; };
/* End PBXBuildFile section */

/* Begin PBXCopyFilesBuildPhase section */
		CEE456B2234C1955008A853C /* CopyFiles */ = {
			isa = PBXCopyFilesBuildPhase;
			buildActionMask = 2147483647;
			dstPath = /usr/share/man/man1/;
			dstSubfolderSpec = 0;
			files = (
			);
			runOnlyForDeploymentPostprocessing = 1;
		};
/* End PBXCopyFilesBuildPhase section */

/* Begin PBXFileReference section */
		CE1C257D234C6D5F00AD0DF6 /* libnesta-0.9.5.0.dylib */ = {isa = PBXFileReference; lastKnownFileType = "compiled.mach-o.dylib"; name = "libnesta-0.9.5.0.dylib"; path = "../../../../usr/local/lib/libnesta-0.9.5.0.dylib"; sourceTree = "<group>"; };
		CE1C257F234C6DD900AD0DF6 /* redistribution.c */ = {isa = PBXFileReference; fileEncoding = 4; lastKnownFileType = sourcecode.c.c; path = redistribution.c; sourceTree = "<group>"; };
		CE1C2580234C6DDA00AD0DF6 /* memc_gateway.c */ = {isa = PBXFileReference; fileEncoding = 4; lastKnownFileType = sourcecode.c.c; path = memc_gateway.c; sourceTree = "<group>"; };
		CE1C2581234C6DDA00AD0DF6 /* dinio_server.c */ = {isa = PBXFileReference; fileEncoding = 4; lastKnownFileType = sourcecode.c.c; path = dinio_server.c; sourceTree = "<group>"; };
		CE1C2582234C6DDA00AD0DF6 /* connect.c */ = {isa = PBXFileReference; fileEncoding = 4; lastKnownFileType = sourcecode.c.c; path = connect.c; sourceTree = "<group>"; };
		CE1C2583234C6DDA00AD0DF6 /* informed.c */ = {isa = PBXFileReference; fileEncoding = 4; lastKnownFileType = sourcecode.c.c; path = informed.c; sourceTree = "<group>"; };
		CE1C2584234C6DDA00AD0DF6 /* replication.c */ = {isa = PBXFileReference; fileEncoding = 4; lastKnownFileType = sourcecode.c.c; path = replication.c; sourceTree = "<group>"; };
		CE1C2585234C6DDA00AD0DF6 /* ds_server.h */ = {isa = PBXFileReference; fileEncoding = 4; lastKnownFileType = sourcecode.c.h; path = ds_server.h; sourceTree = "<group>"; };
		CE1C2586234C6DDA00AD0DF6 /* consistent_hash.c */ = {isa = PBXFileReference; fileEncoding = 4; lastKnownFileType = sourcecode.c.c; path = consistent_hash.c; sourceTree = "<group>"; };
		CE1C2587234C6DDA00AD0DF6 /* server_cmd.c */ = {isa = PBXFileReference; fileEncoding = 4; lastKnownFileType = sourcecode.c.c; path = server_cmd.c; sourceTree = "<group>"; };
		CE1C2588234C6DDA00AD0DF6 /* dispatch.c */ = {isa = PBXFileReference; fileEncoding = 4; lastKnownFileType = sourcecode.c.c; path = dispatch.c; sourceTree = "<group>"; };
		CE1C2589234C6DDA00AD0DF6 /* dinio.h */ = {isa = PBXFileReference; fileEncoding = 4; lastKnownFileType = sourcecode.c.h; path = dinio.h; sourceTree = "<group>"; };
		CE1C258A234C6DDA00AD0DF6 /* consistent_hash.h */ = {isa = PBXFileReference; fileEncoding = 4; lastKnownFileType = sourcecode.c.h; path = consistent_hash.h; sourceTree = "<group>"; };
		CE1C258B234C6DDA00AD0DF6 /* dataio.c */ = {isa = PBXFileReference; fileEncoding = 4; lastKnownFileType = sourcecode.c.c; path = dataio.c; sourceTree = "<group>"; };
		CE1C258C234C6DDA00AD0DF6 /* friend.c */ = {isa = PBXFileReference; fileEncoding = 4; lastKnownFileType = sourcecode.c.c; path = friend.c; sourceTree = "<group>"; };
		CE1C258D234C6DDA00AD0DF6 /* config.c */ = {isa = PBXFileReference; fileEncoding = 4; lastKnownFileType = sourcecode.c.c; path = config.c; sourceTree = "<group>"; };
		CE1C258E234C6DDA00AD0DF6 /* dinio_cmd.c */ = {isa = PBXFileReference; fileEncoding = 4; lastKnownFileType = sourcecode.c.c; path = dinio_cmd.c; sourceTree = "<group>"; };
		CE1C258F234C6DDB00AD0DF6 /* ds_check.c */ = {isa = PBXFileReference; fileEncoding = 4; lastKnownFileType = sourcecode.c.c; path = ds_check.c; sourceTree = "<group>"; };
		CE1C2590234C6DDB00AD0DF6 /* ds_server.c */ = {isa = PBXFileReference; fileEncoding = 4; lastKnownFileType = sourcecode.c.c; path = ds_server.c; sourceTree = "<group>"; };
		CE1C2591234C6DDB00AD0DF6 /* lock_server.c */ = {isa = PBXFileReference; fileEncoding = 4; lastKnownFileType = sourcecode.c.c; path = lock_server.c; sourceTree = "<group>"; };
		CE1C25A2234C6DFD00AD0DF6 /* config.h.in */ = {isa = PBXFileReference; fileEncoding = 4; lastKnownFileType = text; path = config.h.in; sourceTree = "<group>"; };
		CE1C25A3234C6DFD00AD0DF6 /* NEWS */ = {isa = PBXFileReference; fileEncoding = 4; lastKnownFileType = text; path = NEWS; sourceTree = "<group>"; };
		CE1C25A4234C6DFD00AD0DF6 /* AUTHORS */ = {isa = PBXFileReference; fileEncoding = 4; lastKnownFileType = text; path = AUTHORS; sourceTree = "<group>"; };
		CE1C25A5234C6DFD00AD0DF6 /* COPYING */ = {isa = PBXFileReference; fileEncoding = 4; lastKnownFileType = text; path = COPYING; sourceTree = "<group>"; };
		CE1C25A6234C6DFD00AD0DF6 /* README */ = {isa = PBXFileReference; fileEncoding = 4; lastKnownFileType = text; path = README; sourceTree = "<group>"; };
		CE1C25A7234C6DFD00AD0DF6 /* ChangeLog */ = {isa = PBXFileReference; fileEncoding = 4; lastKnownFileType = text; path = ChangeLog; sourceTree = "<group>"; };
		CE1C25A8234C6DFD00AD0DF6 /* aclocal.m4 */ = {isa = PBXFileReference; fileEncoding = 4; lastKnownFileType = text; path = aclocal.m4; sourceTree = "<group>"; };
		CE1C25A9234C6DFD00AD0DF6 /* INSTALL */ = {isa = PBXFileReference; fileEncoding = 4; lastKnownFileType = text; path = INSTALL; sourceTree = "<group>"; };
		CE1C25AA234C6DFD00AD0DF6 /* compile */ = {isa = PBXFileReference; fileEncoding = 4; lastKnownFileType = text.script.sh; path = compile; sourceTree = "<group>"; };
		CE1C25AB234C6DFD00AD0DF6 /* Makefile.in */ = {isa = PBXFileReference; fileEncoding = 4; lastKnownFileType = text; path = Makefile.in; sourceTree = "<group>"; };
		CE1C25AC234C6DFD00AD0DF6 /* install-sh */ = {isa = PBXFileReference; fileEncoding = 4; lastKnownFileType = text.script.sh; path = "install-sh"; sourceTree = "<group>"; };
		CE1C25AD234C6DFD00AD0DF6 /* Makefile.am */ = {isa = PBXFileReference; fileEncoding = 4; lastKnownFileType = text; path = Makefile.am; sourceTree = "<group>"; };
		CE1C25AE234C6DFE00AD0DF6 /* configure */ = {isa = PBXFileReference; fileEncoding = 4; lastKnownFileType = text.script.sh; path = configure; sourceTree = "<group>"; };
		CE1C25AF234C6DFE00AD0DF6 /* missing */ = {isa = PBXFileReference; fileEncoding = 4; lastKnownFileType = text.script.sh; path = missing; sourceTree = "<group>"; };
		CE1C25B0234C6DFE00AD0DF6 /* configure.ac */ = {isa = PBXFileReference; fileEncoding = 4; lastKnownFileType = text; path = configure.ac; sourceTree = "<group>"; };
		CE1C25B1234C6DFE00AD0DF6 /* depcomp */ = {isa = PBXFileReference; fileEncoding = 4; lastKnownFileType = text.script.sh; path = depcomp; sourceTree = "<group>"; };
		CE1C25B2234C6E1C00AD0DF6 /* importdata.txt */ = {isa = PBXFileReference; fileEncoding = 4; lastKnownFileType = text; path = importdata.txt; sourceTree = "<group>"; };
		CE1C25B3234C6E1C00AD0DF6 /* friend.def */ = {isa = PBXFileReference; fileEncoding = 4; lastKnownFileType = text; path = friend.def; sourceTree = "<group>"; };
		CE1C25B4234C6E1C00AD0DF6 /* test */ = {isa = PBXFileReference; lastKnownFileType = folder; path = test; sourceTree = "<group>"; };
		CE1C25B5234C6E1D00AD0DF6 /* importdata2.txt */ = {isa = PBXFileReference; fileEncoding = 4; lastKnownFileType = text; path = importdata2.txt; sourceTree = "<group>"; };
		CE1C25B6234C6E1D00AD0DF6 /* logs */ = {isa = PBXFileReference; lastKnownFileType = folder; path = logs; sourceTree = "<group>"; };
		CE1C25B7234C6E1D00AD0DF6 /* server.def */ = {isa = PBXFileReference; fileEncoding = 4; lastKnownFileType = text; path = server.def; sourceTree = "<group>"; };
		CE1C25B8234C6E1D00AD0DF6 /* conf */ = {isa = PBXFileReference; lastKnownFileType = folder; path = conf; sourceTree = "<group>"; };
		CE59C0ED234F240900433420 /* doc */ = {isa = PBXFileReference; lastKnownFileType = folder; path = doc; sourceTree = "<group>"; };
		CEE456B4234C1955008A853C /* dinio */ = {isa = PBXFileReference; explicitFileType = "compiled.mach-o.executable"; includeInIndex = 0; path = dinio; sourceTree = BUILT_PRODUCTS_DIR; };
		CEE456B7234C1955008A853C /* main.c */ = {isa = PBXFileReference; lastKnownFileType = sourcecode.c.c; path = main.c; sourceTree = "<group>"; };
/* End PBXFileReference section */

/* Begin PBXFrameworksBuildPhase section */
		CEE456B1234C1955008A853C /* Frameworks */ = {
			isa = PBXFrameworksBuildPhase;
			buildActionMask = 2147483647;
			files = (
				CE1C257E234C6D5F00AD0DF6 /* libnesta-0.9.5.0.dylib in Frameworks */,
			);
			runOnlyForDeploymentPostprocessing = 0;
		};
/* End PBXFrameworksBuildPhase section */

/* Begin PBXGroup section */
		CE1C257C234C6D5E00AD0DF6 /* Frameworks */ = {
			isa = PBXGroup;
			children = (
				CE1C257D234C6D5F00AD0DF6 /* libnesta-0.9.5.0.dylib */,
			);
			name = Frameworks;
			sourceTree = "<group>";
		};
		CEE456AB234C1955008A853C = {
			isa = PBXGroup;
			children = (
				CE59C0ED234F240900433420 /* doc */,
				CE1C25B8234C6E1D00AD0DF6 /* conf */,
				CE1C25B3234C6E1C00AD0DF6 /* friend.def */,
				CE1C25B7234C6E1D00AD0DF6 /* server.def */,
				CE1C25B2234C6E1C00AD0DF6 /* importdata.txt */,
				CE1C25B5234C6E1D00AD0DF6 /* importdata2.txt */,
				CE1C25B6234C6E1D00AD0DF6 /* logs */,
				CE1C25B4234C6E1C00AD0DF6 /* test */,
				CEE456BE234C197F008A853C /* autotools */,
				CEE456B6234C1955008A853C /* src */,
				CEE456B5234C1955008A853C /* Products */,
				CE1C257C234C6D5E00AD0DF6 /* Frameworks */,
			);
			sourceTree = "<group>";
		};
		CEE456B5234C1955008A853C /* Products */ = {
			isa = PBXGroup;
			children = (
				CEE456B4234C1955008A853C /* dinio */,
			);
			name = Products;
			sourceTree = "<group>";
		};
		CEE456B6234C1955008A853C /* src */ = {
			isa = PBXGroup;
			children = (
				CE1C258D234C6DDA00AD0DF6 /* config.c */,
				CE1C2582234C6DDA00AD0DF6 /* connect.c */,
				CE1C2586234C6DDA00AD0DF6 /* consistent_hash.c */,
				CE1C258A234C6DDA00AD0DF6 /* consistent_hash.h */,
				CE1C258B234C6DDA00AD0DF6 /* dataio.c */,
				CE1C258E234C6DDA00AD0DF6 /* dinio_cmd.c */,
				CE1C2581234C6DDA00AD0DF6 /* dinio_server.c */,
				CE1C2589234C6DDA00AD0DF6 /* dinio.h */,
				CE1C2588234C6DDA00AD0DF6 /* dispatch.c */,
				CE1C258F234C6DDB00AD0DF6 /* ds_check.c */,
				CE1C2590234C6DDB00AD0DF6 /* ds_server.c */,
				CE1C2585234C6DDA00AD0DF6 /* ds_server.h */,
				CE1C258C234C6DDA00AD0DF6 /* friend.c */,
				CE1C2583234C6DDA00AD0DF6 /* informed.c */,
				CE1C2591234C6DDB00AD0DF6 /* lock_server.c */,
				CE1C2580234C6DDA00AD0DF6 /* memc_gateway.c */,
				CE1C257F234C6DD900AD0DF6 /* redistribution.c */,
				CE1C2584234C6DDA00AD0DF6 /* replication.c */,
				CE1C2587234C6DDA00AD0DF6 /* server_cmd.c */,
				CEE456B7234C1955008A853C /* main.c */,
			);
			path = src;
			sourceTree = "<group>";
		};
		CEE456BE234C197F008A853C /* autotools */ = {
			isa = PBXGroup;
			children = (
				CE1C25A8234C6DFD00AD0DF6 /* aclocal.m4 */,
				CE1C25A4234C6DFD00AD0DF6 /* AUTHORS */,
				CE1C25A7234C6DFD00AD0DF6 /* ChangeLog */,
				CE1C25AA234C6DFD00AD0DF6 /* compile */,
				CE1C25A2234C6DFD00AD0DF6 /* config.h.in */,
				CE1C25AE234C6DFE00AD0DF6 /* configure */,
				CE1C25B0234C6DFE00AD0DF6 /* configure.ac */,
				CE1C25A5234C6DFD00AD0DF6 /* COPYING */,
				CE1C25B1234C6DFE00AD0DF6 /* depcomp */,
				CE1C25A9234C6DFD00AD0DF6 /* INSTALL */,
				CE1C25AC234C6DFD00AD0DF6 /* install-sh */,
				CE1C25AD234C6DFD00AD0DF6 /* Makefile.am */,
				CE1C25AB234C6DFD00AD0DF6 /* Makefile.in */,
				CE1C25AF234C6DFE00AD0DF6 /* missing */,
				CE1C25A3234C6DFD00AD0DF6 /* NEWS */,
				CE1C25A6234C6DFD00AD0DF6 /* README */,
			);
			name = autotools;
			sourceTree = "<group>";
		};
/* End PBXGroup section */

/* Begin PBXNativeTarget section */
		CEE456B3234C1955008A853C /* dinio */ = {
			isa = PBXNativeTarget;
			buildConfigurationList = CEE456BB234C1955008A853C /* Build configuration list for PBXNativeTarget "dinio" */;
			buildPhases = (
				CEE456B0234C1955008A853C /* Sources */,
				CEE456B1234C1955008A853C /* Frameworks */,
				CEE456B2234C1955008A853C /* CopyFiles */,
			);
			buildRules = (
			);
			dependencies = (
			);
			name = dinio;
			productName = dinio;
			productReference = CEE456B4234C1955008A853C /* dinio */;
			productType = "com.apple.product-type.tool";
		};
/* End PBXNativeTarget section */

/* Begin PBXProject section */
		CEE456AC234C1955008A853C /* Project object */ = {
			isa = PBXProject;
			attributes = {
				LastUpgradeCheck = 0930;
				ORGANIZATIONNAME = "YAMAMOTO Naoki";
				TargetAttributes = {
					CEE456B3234C1955008A853C = {
						CreatedOnToolsVersion = 9.3.1;
					};
				};
			};
			buildConfigurationList = CEE456AF234C1955008A853C /* Build configuration list for PBXProject "dinio" */;
			compatibilityVersion = "Xcode 9.3";
			developmentRegion = en;
			hasScannedForEncodings = 0;
			knownRegions = (
				en,
			);
			mainGroup = CEE456AB234C1955008A853C;
			productRefGroup = CEE456B5234C1955008A853C /* Products */;
			projectDirPath = "";
			projectRoot = "";
			targets = (
				CEE456B3234C1955008A853C /* dinio */,
			);
		};
/* End PBXProject section */

/* Begin PBXSourcesBuildPhase section */
		CEE456B0234C1955008A853C /* Sources */ = {
			isa = PBXSourcesBuildPhase;
			buildActionMask = 2147483647;
			files = (
				CE1C259E234C6DDB00AD0DF6 /* dinio_cmd.c in Sources */,
				CE1C2594234C6DDB00AD0DF6 /* dinio_server.c in Sources */,
				CE1C2597234C6DDB00AD0DF6 /* replication.c in Sources */,
				CE1C25A1234C6DDB00AD0DF6 /* lock_server.c in Sources */,
				CE1C2596234C6DDB00AD0DF6 /* informed.c in Sources */,
				CE1C2593234C6DDB00AD0DF6 /* memc_gateway.c in Sources */,
				CE1C2595234C6DDB00AD0DF6 /* connect.c in Sources */,
				CE1C2592234C6DDB00AD0DF6 /* redistribution.c in Sources */,
				CE1C2599234C6DDB00AD0DF6 /* server_cmd.c in Sources */,
				CE1C259A234C6DDB00AD0DF6 /* dispatch.c in Sources */,
				CE1C25A0234C6DDB00AD0DF6 /* ds_server.c in Sources */,
				CE1C259B234C6DDB00AD0DF6 /* dataio.c in Sources */,
				CE1C259F234C6DDB00AD0DF6 /* ds_check.c in Sources */,
				CE1C259C234C6DDB00AD0DF6 /* friend.c in Sources */,
				CEE456B8234C1955008A853C /* main.c in Sources */,
				CE1C259D234C6DDB00AD0DF6 /* config.c in Sources */,
				CE1C2598234C6DDB00AD0DF6 /* consistent_hash.c in Sources */,
			);
			runOnlyForDeploymentPostprocessing = 0;
		};
/* End PBXSourcesBuildPhase section */

/* Begin XCBuildConfiguration section */
		CEE456B9234C1955008A853C /* Debug */ = {
			isa = XCBuildConfiguration;
			buildSettings = {
				ALWAYS_SEARCH_USER_PATHS = NO;
				CLANG_ANALYZER_NONNULL = YES;
				CLANG_ANALYZER_NUMBER_OBJECT_CONVERSION = YES_AGGRESSIVE;
				CLANG_CXX_LANGUAGE_STANDARD = "gnu++14";
				CLANG_CXX_LIBRARY = "libc++";
				CLANG_ENABLE_MODULES = YES;
				CLANG_ENABLE_OBJC_ARC = YES;
				CLANG_ENABLE_OBJC_WEAK = YES;
				CLANG_WARN_BLOCK_CAPTURE_AUTORELEASING = YES;
				CLANG_WARN_BOOL_CONVERSION = YES;
				CLANG_WARN_COMMA = YES;
				CLANG_WARN_CONSTANT_CONVERSION = YES;
				CLANG_WARN_DEPRECATED_OBJC_IMPLEMENTATIONS = YES;
				CLANG_WARN_DIRECT_OBJC_ISA_USAGE = YES_ERROR;
				CLANG_WARN_DOCUMENTATION_COMMENTS = YES;
				CLANG_WARN_EMPTY_BODY = YES;
				CLANG_WARN_ENUM_CONVERSION = YES;
				CLANG_WARN_INFINITE_RECURSION = YES;
				CLANG_WARN_INT_CONVERSION = YES;
				CLANG_WARN_NON_LITERAL_NULL_CONVERSION = YES;
				CLANG_WARN_OBJC_IMPLICIT_RETAIN_SELF = YES;
				CLANG_WARN_OBJC_LITERAL_CONVERSION = YES;
				CLANG_WARN_OBJC_ROOT_CLASS = YES_ERROR;
				CLANG_WARN_RANGE_LOOP_ANALYSIS = YES;
				CLANG_WARN_STRICT_PROTOTYPES = YES;
				CLANG_WARN_SUSPICIOUS_MOVE = YES;
				CLANG_WARN_UNGUARDED_AVAILABILITY = YES_AGGRESSIVE;
				CLANG_WARN_UNREACHABLE_CODE = YES;
				CLANG_WARN__DUPLICATE_METHOD_MATCH = YES;
				CODE_SIGN_IDENTITY = "-";
				COPY_PHASE_STRIP = NO;
				DEBUG_INFORMATION_FORMAT = dwarf;
				ENABLE_STRICT_OBJC_MSGSEND = YES;
				ENABLE_TESTABILITY = YES;
				GCC_C_LANGUAGE_STANDARD = gnu11;
				GCC_DYNAMIC_NO_PIC = NO;
				GCC_NO_COMMON_BLOCKS = YES;
				GCC_OPTIMIZATION_LEVEL = 0;
				GCC_PREPROCESSOR_DEFINITIONS = (
					"DEBUG=1",
					"$(inherited)",
				);
				GCC_WARN_64_TO_32_BIT_CONVERSION = YES;
				GCC_WARN_ABOUT_RETURN_TYPE = YES_ERROR;
				GCC_WARN_UNDECLARED_SELECTOR = YES;
				GCC_WARN_UNINITIALIZED_AUTOS = YES_AGGRESSIVE;
				GCC_WARN_UNUSED_FUNCTION = YES;
				GCC_WARN_UNUSED_VARIABLE = YES;
				MACOSX_DEPLOYMENT_TARGET = 10.14;
				MTL_ENABLE_DEBUG_INFO = YES;
				ONLY_ACTIVE_ARCH = YES;
				SDKROOT = macosx;
			};
			name = Debug;
		};
		CEE456BA234C1955008A853C /* Release */ = {
			isa = XCBuildConfiguration;
			buildSettings = {
				ALWAYS_SEARCH_USER_PATHS = NO;
				CLANG_ANALYZER_NONNULL = YES;
				CLANG_ANALYZER_NUMBER_OBJECT_CONVERSION = YES_AGGRESSIVE;
				CLANG_CXX_LANGUAGE_STANDARD = "gnu++14";
				CLANG_CXX_LIBRARY = "libc++";
				CLANG_ENABLE_MODULES = YES;
				CLANG_ENABLE_OBJC_ARC = YES;
				CLANG_ENABLE_OBJC_WEAK = YES;
				CLANG_WARN_BLOCK_CAPTURE_AUTORELEASING = YES;
				CLANG_WARN_BOOL_CONVERSION = YES;
				CLANG_WARN_COMMA = YES;
				CLANG_WARN_CONSTANT_CONVERSION = YES;
				CLANG_WARN_DEPRECATED_OBJC_IMPLEMENTATIONS = YES;
				CLANG_WARN_DIRECT_OBJC_ISA_USAGE = YES_ERROR;
				CLANG_WARN_DOCUMENTATION_COMMENTS = YES;
				CLANG_WARN_EMPTY_BODY = YES;
				CLANG_WARN_ENUM_CONVERSION = YES;
				CLANG_WARN_INFINITE_RECURSION = YES;
				CLANG_WARN_INT_CONVERSION = YES;
				CLANG_WARN_NON_LITERAL_NULL_CONVERSION = YES;
				CLANG_WARN_OBJC_IMPLICIT_RETAIN_SELF = YES;
				CLANG_WARN_OBJC_LITERAL_CONVERSION = YES;
				CLANG_WARN_OBJC_ROOT_CLASS = YES_ERROR;
				CLANG_WARN_RANGE_LOOP_ANALYSIS = YES;
				CLANG_WARN_STRICT_PROTOTYPES = YES;
				CLANG_WARN_SUSPICIOUS_MOVE = YES;
				CLANG_WARN_UNGUARDED_AVAILABILITY = YES_AGGRESSIVE;
				CLANG_WARN_UNREACHABLE_CODE = YES;
				CLANG_WARN__DUPLICATE_METHOD_MATCH = YES;
				CODE_SIGN_IDENTITY = "-";
				COPY_PHASE_STRIP = NO;
				DEBUG_INFORMATION_FORMAT = "dwarf-with-dsym";
				ENABLE_NS_ASSERTIONS = NO;
				ENABLE_STRICT_OBJC_MSGSEND = YES;
				GCC_C_LANGUAGE_STANDARD = gnu11;
				GCC_NO_COMMON_BLOCKS = YES;
				GCC_WARN_64_TO_32_BIT_CONVERSION = YES;
				GCC_WARN_ABOUT_RETURN_TYPE = YES_ERROR;
				GCC_WARN_UNDECLARED_SELECTOR = YES;
				GCC_WARN_UNINITIALIZED_AUTOS = YES_AGGRESSIVE;
				GCC_WARN_UNUSED_FUNCTION = YES;
				GCC_WARN_UNUSED_VARIABLE = YES;
				MACOSX_DEPLOYMENT_TARGET = 10.14;
				MTL_ENABLE_DEBUG_INFO = NO;
				SDKROOT = macosx;
			};
			name = Release;
		};
		CEE456BC234C1955008A853C /* Debug */ = {
			isa = XCBuildConfiguration;
			buildSettings = {
				CODE_SIGN_STYLE = Automatic;
				HEADER_SEARCH_PATHS = (
					/usr/local/include/nestalib,
					src,
				);
				LIBRARY_SEARCH_PATHS = /usr/local/lib;
				MACOSX_DEPLOYMENT_TARGET = 10.6;
				PRODUCT_NAME = "$(TARGET_NAME)";
			};
			name = Debug;
		};
		CEE456BD234C1955008A853C /* Release */ = {
			isa = XCBuildConfiguration;
			buildSettings = {
				CODE_SIGN_STYLE = Automatic;
				HEADER_SEARCH_PATHS = (
					/usr/local/include/nestalib,
					src,
				);
				LIBRARY_SEARCH_PATHS = /usr/local/lib;
				MACOSX_DEPLOYMENT_TARGET = 10.6;
				PRODUCT_NAME = "$(TARGET_NAME)";
			};
			name = Release;
		};
/* End XCBuildConfiguration section */

/* Begin XCConfigurationList section */
		CEE456AF234C1955008A853C /* Build configuration list for PBXProject "dinio" */ = {
			isa = XCConfigurationList;
			buildConfigurations = (
				CEE456B9234C1955008A853C /* Debug */,
				CEE456BA234C1955008A853C /* Release */,
			);
			defaultConfigurationIsVisible = 0;
			defaultConfigurationName = Release;
		};
		CEE456BB234C1955008A853C /* Build configuration list for PBXNativeTarget "dinio" */ = {
			isa = XCConfigurationList;
			buildConfigurations = (
				CEE456BC234C1955008A853C /* Debug */,
				CEE456BD234C1955008A853C /* Release */,
			);
			defaultConfigurationIsVisible = 0;
			defaultConfigurationName = Release;
		};
/* End XCConfigurationList section */
	};
	rootObject = CEE456AC234C1955008A853C /* Project object */;
}
